
Microsoft Visual Studio Solution File, Format Version 12.00
# Visual Studio Version 17
VisualStudioVersion = 17.0.32112.339
MinimumVisualStudioVersion = 10.0.40219.1
Project("{2150E333-8FDC-42A3-9474-1A3956D46DE8}") = "Services", "Services", "{7FC1AB1D-0A8E-4AE2-AC6A-3B5E5BB75149}"
EndProject
Project("{2150E333-8FDC-42A3-9474-1A3956D46DE8}") = "Catalog", "Catalog", "{C729B9D0-822E-4F2A-86F3-5B7C39D84448}"
EndProject
Project("{9A19103F-16F7-4668-BE54-9A1E7A4F7556}") = "Catalog.API", "Services\Catalog\Catalog.API\Catalog.API.csproj", "{3B6F2141-E2BC-4533-8352-46DFB1A2A0A5}"
EndProject
Project("{E53339B2-1760-4266-BCC7-CA923CBCF16C}") = "docker-compose", "docker-compose.dcproj", "{89A786A9-FE1F-47EB-950E-8A8DD4B4F869}"
EndProject
Project("{2150E333-8FDC-42A3-9474-1A3956D46DE8}") = "Basket", "Basket", "{32F8CE51-D9A6-4FD0-810C-4FC98F00D4B4}"
EndProject
Project("{9A19103F-16F7-4668-BE54-9A1E7A4F7556}") = "Basket.API", "Services\Basket\Basket.API\Basket.API.csproj", "{EDE21E5E-AC79-4DD6-B995-963A20A9AFCB}"
EndProject
Project("{2150E333-8FDC-42A3-9474-1A3956D46DE8}") = "Discount", "Discount", "{2CA3ABE4-D231-4CB4-ABEE-7FC544D9B70A}"
EndProject
Project("{9A19103F-16F7-4668-BE54-9A1E7A4F7556}") = "Discount.API", "Services\Discount\Discount.API\Discount.API.csproj", "{DAEE75F8-F185-4211-BA78-AC1C2D89285A}"
EndProject
Project("{9A19103F-16F7-4668-BE54-9A1E7A4F7556}") = "Discount.GRPC", "Services\Discount\Discount.GRPC\Discount.GRPC.csproj", "{33D2FF13-C21A-4959-B7CB-63A99E2E9296}"
EndProject
Project("{2150E333-8FDC-42A3-9474-1A3956D46DE8}") = "Ordering", "Ordering", "{0D510522-FF49-4905-90AB-1E754900B9FC}"
EndProject
Project("{FAE04EC0-301F-11D3-BF4B-00C04F79EFBC}") = "Ordering.API", "Services\Ordering\Ordering.API\Ordering.API.csproj", "{D3B21A19-6F97-415C-B07A-AE26B3D4A04A}"
EndProject
Project("{FAE04EC0-301F-11D3-BF4B-00C04F79EFBC}") = "Ordering.Domain", "Services\Ordering\Ordering.Domain\Ordering.Domain.csproj", "{E8400DE8-9A2A-4335-A2CC-19371E384D57}"
EndProject
Project("{FAE04EC0-301F-11D3-BF4B-00C04F79EFBC}") = "Ordering.Application", "Services\Ordering\Ordering.Application\Ordering.Application.csproj", "{35B4F949-3F09-426B-B44B-2B933E45475A}"
EndProject
Project("{FAE04EC0-301F-11D3-BF4B-00C04F79EFBC}") = "Ordering.Infrasructure", "Services\Ordering\Ordering.Infrasructure\Ordering.Infrasructure.csproj", "{21CFDD17-9CDD-4887-B808-FBF7BE7451FE}"
EndProject
Global
	GlobalSection(SolutionConfigurationPlatforms) = preSolution
		Debug|Any CPU = Debug|Any CPU
		Release|Any CPU = Release|Any CPU
	EndGlobalSection
	GlobalSection(ProjectConfigurationPlatforms) = postSolution
		{3B6F2141-E2BC-4533-8352-46DFB1A2A0A5}.Debug|Any CPU.ActiveCfg = Debug|Any CPU
		{3B6F2141-E2BC-4533-8352-46DFB1A2A0A5}.Debug|Any CPU.Build.0 = Debug|Any CPU
		{3B6F2141-E2BC-4533-8352-46DFB1A2A0A5}.Release|Any CPU.ActiveCfg = Release|Any CPU
		{3B6F2141-E2BC-4533-8352-46DFB1A2A0A5}.Release|Any CPU.Build.0 = Release|Any CPU
		{89A786A9-FE1F-47EB-950E-8A8DD4B4F869}.Debug|Any CPU.ActiveCfg = Debug|Any CPU
		{89A786A9-FE1F-47EB-950E-8A8DD4B4F869}.Debug|Any CPU.Build.0 = Debug|Any CPU
		{89A786A9-FE1F-47EB-950E-8A8DD4B4F869}.Release|Any CPU.ActiveCfg = Release|Any CPU
		{89A786A9-FE1F-47EB-950E-8A8DD4B4F869}.Release|Any CPU.Build.0 = Release|Any CPU
		{EDE21E5E-AC79-4DD6-B995-963A20A9AFCB}.Debug|Any CPU.ActiveCfg = Debug|Any CPU
		{EDE21E5E-AC79-4DD6-B995-963A20A9AFCB}.Debug|Any CPU.Build.0 = Debug|Any CPU
		{EDE21E5E-AC79-4DD6-B995-963A20A9AFCB}.Release|Any CPU.ActiveCfg = Release|Any CPU
		{EDE21E5E-AC79-4DD6-B995-963A20A9AFCB}.Release|Any CPU.Build.0 = Release|Any CPU
		{DAEE75F8-F185-4211-BA78-AC1C2D89285A}.Debug|Any CPU.ActiveCfg = Debug|Any CPU
		{DAEE75F8-F185-4211-BA78-AC1C2D89285A}.Debug|Any CPU.Build.0 = Debug|Any CPU
		{DAEE75F8-F185-4211-BA78-AC1C2D89285A}.Release|Any CPU.ActiveCfg = Release|Any CPU
		{DAEE75F8-F185-4211-BA78-AC1C2D89285A}.Release|Any CPU.Build.0 = Release|Any CPU
		{33D2FF13-C21A-4959-B7CB-63A99E2E9296}.Debug|Any CPU.ActiveCfg = Debug|Any CPU
		{33D2FF13-C21A-4959-B7CB-63A99E2E9296}.Debug|Any CPU.Build.0 = Debug|Any CPU
		{33D2FF13-C21A-4959-B7CB-63A99E2E9296}.Release|Any CPU.ActiveCfg = Release|Any CPU
		{33D2FF13-C21A-4959-B7CB-63A99E2E9296}.Release|Any CPU.Build.0 = Release|Any CPU
		{D3B21A19-6F97-415C-B07A-AE26B3D4A04A}.Debug|Any CPU.ActiveCfg = Debug|Any CPU
		{D3B21A19-6F97-415C-B07A-AE26B3D4A04A}.Debug|Any CPU.Build.0 = Debug|Any CPU
		{D3B21A19-6F97-415C-B07A-AE26B3D4A04A}.Release|Any CPU.ActiveCfg = Release|Any CPU
		{D3B21A19-6F97-415C-B07A-AE26B3D4A04A}.Release|Any CPU.Build.0 = Release|Any CPU
		{E8400DE8-9A2A-4335-A2CC-19371E384D57}.Debug|Any CPU.ActiveCfg = Debug|Any CPU
		{E8400DE8-9A2A-4335-A2CC-19371E384D57}.Debug|Any CPU.Build.0 = Debug|Any CPU
		{E8400DE8-9A2A-4335-A2CC-19371E384D57}.Release|Any CPU.ActiveCfg = Release|Any CPU
		{E8400DE8-9A2A-4335-A2CC-19371E384D57}.Release|Any CPU.Build.0 = Release|Any CPU
		{35B4F949-3F09-426B-B44B-2B933E45475A}.Debug|Any CPU.ActiveCfg = Debug|Any CPU
		{35B4F949-3F09-426B-B44B-2B933E45475A}.Debug|Any CPU.Build.0 = Debug|Any CPU
		{35B4F949-3F09-426B-B44B-2B933E45475A}.Release|Any CPU.ActiveCfg = Release|Any CPU
		{35B4F949-3F09-426B-B44B-2B933E45475A}.Release|Any CPU.Build.0 = Release|Any CPU
		{21CFDD17-9CDD-4887-B808-FBF7BE7451FE}.Debug|Any CPU.ActiveCfg = Debug|Any CPU
		{21CFDD17-9CDD-4887-B808-FBF7BE7451FE}.Debug|Any CPU.Build.0 = Debug|Any CPU
		{21CFDD17-9CDD-4887-B808-FBF7BE7451FE}.Release|Any CPU.ActiveCfg = Release|Any CPU
		{21CFDD17-9CDD-4887-B808-FBF7BE7451FE}.Release|Any CPU.Build.0 = Release|Any CPU
	EndGlobalSection
	GlobalSection(SolutionProperties) = preSolution
		HideSolutionNode = FALSE
	EndGlobalSection
	GlobalSection(NestedProjects) = preSolution
		{C729B9D0-822E-4F2A-86F3-5B7C39D84448} = {7FC1AB1D-0A8E-4AE2-AC6A-3B5E5BB75149}
		{3B6F2141-E2BC-4533-8352-46DFB1A2A0A5} = {C729B9D0-822E-4F2A-86F3-5B7C39D84448}
		{32F8CE51-D9A6-4FD0-810C-4FC98F00D4B4} = {7FC1AB1D-0A8E-4AE2-AC6A-3B5E5BB75149}
		{EDE21E5E-AC79-4DD6-B995-963A20A9AFCB} = {32F8CE51-D9A6-4FD0-810C-4FC98F00D4B4}
		{2CA3ABE4-D231-4CB4-ABEE-7FC544D9B70A} = {7FC1AB1D-0A8E-4AE2-AC6A-3B5E5BB75149}
		{DAEE75F8-F185-4211-BA78-AC1C2D89285A} = {2CA3ABE4-D231-4CB4-ABEE-7FC544D9B70A}
		{33D2FF13-C21A-4959-B7CB-63A99E2E9296} = {2CA3ABE4-D231-4CB4-ABEE-7FC544D9B70A}
		{0D510522-FF49-4905-90AB-1E754900B9FC} = {7FC1AB1D-0A8E-4AE2-AC6A-3B5E5BB75149}
		{D3B21A19-6F97-415C-B07A-AE26B3D4A04A} = {0D510522-FF49-4905-90AB-1E754900B9FC}
		{E8400DE8-9A2A-4335-A2CC-19371E384D57} = {0D510522-FF49-4905-90AB-1E754900B9FC}
		{35B4F949-3F09-426B-B44B-2B933E45475A} = {0D510522-FF49-4905-90AB-1E754900B9FC}
		{21CFDD17-9CDD-4887-B808-FBF7BE7451FE} = {0D510522-FF49-4905-90AB-1E754900B9FC}
	EndGlobalSection
	GlobalSection(ExtensibilityGlobals) = postSolution
		SolutionGuid = {D192D919-6A8B-4448-A954-16AF69CF33C0}
	EndGlobalSection
EndGlobal
